// !$*UTF8*$!
{
	archiveVersion = 1;
	classes = {
	};
	objectVersion = 46;
	objects = {

/* Begin PBXBuildFile section */
		EE86C1A8153A5EBF0044AEAD /* User.m in Sources */ = {isa = PBXBuildFile; fileRef = EE86C1A7153A5EBF0044AEAD /* User.m */; };
		EE86C1D0153A71510044AEAD /* HTTPFetcher.m in Sources */ = {isa = PBXBuildFile; fileRef = EE86C1AF153A71510044AEAD /* HTTPFetcher.m */; };
		EE86C1D1153A71510044AEAD /* JSONFetcher.m in Sources */ = {isa = PBXBuildFile; fileRef = EE86C1B1153A71510044AEAD /* JSONFetcher.m */; };
		EE86C1D4153A71510044AEAD /* NSObject+SBJson.m in Sources */ = {isa = PBXBuildFile; fileRef = EE86C1B8153A71510044AEAD /* NSObject+SBJson.m */; };
		EE86C1D5153A71510044AEAD /* SBJsonParser.m in Sources */ = {isa = PBXBuildFile; fileRef = EE86C1BB153A71510044AEAD /* SBJsonParser.m */; };
		EE86C1D6153A71510044AEAD /* SBJsonStreamParser.m in Sources */ = {isa = PBXBuildFile; fileRef = EE86C1BD153A71510044AEAD /* SBJsonStreamParser.m */; };
		EE86C1D7153A71510044AEAD /* SBJsonStreamParserAccumulator.m in Sources */ = {isa = PBXBuildFile; fileRef = EE86C1BF153A71510044AEAD /* SBJsonStreamParserAccumulator.m */; };
		EE86C1D8153A71510044AEAD /* SBJsonStreamParserAdapter.m in Sources */ = {isa = PBXBuildFile; fileRef = EE86C1C1153A71510044AEAD /* SBJsonStreamParserAdapter.m */; };
		EE86C1D9153A71510044AEAD /* SBJsonStreamParserState.m in Sources */ = {isa = PBXBuildFile; fileRef = EE86C1C3153A71510044AEAD /* SBJsonStreamParserState.m */; };
		EE86C1DA153A71510044AEAD /* SBJsonStreamWriter.m in Sources */ = {isa = PBXBuildFile; fileRef = EE86C1C5153A71510044AEAD /* SBJsonStreamWriter.m */; };
		EE86C1DB153A71510044AEAD /* SBJsonStreamWriterAccumulator.m in Sources */ = {isa = PBXBuildFile; fileRef = EE86C1C7153A71510044AEAD /* SBJsonStreamWriterAccumulator.m */; };
		EE86C1DC153A71510044AEAD /* SBJsonStreamWriterState.m in Sources */ = {isa = PBXBuildFile; fileRef = EE86C1C9153A71510044AEAD /* SBJsonStreamWriterState.m */; };
		EE86C1DD153A71510044AEAD /* SBJsonTokeniser.m in Sources */ = {isa = PBXBuildFile; fileRef = EE86C1CB153A71510044AEAD /* SBJsonTokeniser.m */; };
		EE86C1DE153A71510044AEAD /* SBJsonUTF8Stream.m in Sources */ = {isa = PBXBuildFile; fileRef = EE86C1CD153A71510044AEAD /* SBJsonUTF8Stream.m */; };
		EE86C1DF153A71510044AEAD /* SBJsonWriter.m in Sources */ = {isa = PBXBuildFile; fileRef = EE86C1CF153A71510044AEAD /* SBJsonWriter.m */; };
		EE86C1E4153A72A30044AEAD /* ModelRepository.m in Sources */ = {isa = PBXBuildFile; fileRef = EE86C1E3153A72A30044AEAD /* ModelRepository.m */; };
		EE86C1E7153A738C0044AEAD /* LoginInfo.m in Sources */ = {isa = PBXBuildFile; fileRef = EE86C1E6153A738C0044AEAD /* LoginInfo.m */; };
		EE86C1EC153A7D7F0044AEAD /* ConnectModuleLoginRequest.m in Sources */ = {isa = PBXBuildFile; fileRef = EE86C1EB153A7D7F0044AEAD /* ConnectModuleLoginRequest.m */; };
		EED178FB153A3FFB00CD333E /* UIKit.framework in Frameworks */ = {isa = PBXBuildFile; fileRef = EED178FA153A3FFB00CD333E /* UIKit.framework */; };
		EED178FD153A3FFB00CD333E /* Foundation.framework in Frameworks */ = {isa = PBXBuildFile; fileRef = EED178FC153A3FFB00CD333E /* Foundation.framework */; };
		EED178FF153A3FFB00CD333E /* CoreGraphics.framework in Frameworks */ = {isa = PBXBuildFile; fileRef = EED178FE153A3FFB00CD333E /* CoreGraphics.framework */; };
		EED17905153A3FFB00CD333E /* InfoPlist.strings in Resources */ = {isa = PBXBuildFile; fileRef = EED17903153A3FFB00CD333E /* InfoPlist.strings */; };
		EED17907153A3FFB00CD333E /* main.m in Sources */ = {isa = PBXBuildFile; fileRef = EED17906153A3FFB00CD333E /* main.m */; };
		EED1790B153A3FFB00CD333E /* AppDelegate.m in Sources */ = {isa = PBXBuildFile; fileRef = EED1790A153A3FFB00CD333E /* AppDelegate.m */; };
		EED1790E153A3FFB00CD333E /* MainViewController.m in Sources */ = {isa = PBXBuildFile; fileRef = EED1790D153A3FFB00CD333E /* MainViewController.m */; };
		EED17911153A3FFB00CD333E /* FlipsideViewController.m in Sources */ = {isa = PBXBuildFile; fileRef = EED17910153A3FFB00CD333E /* FlipsideViewController.m */; };
		EED17914153A3FFB00CD333E /* MainViewController.xib in Resources */ = {isa = PBXBuildFile; fileRef = EED17912153A3FFB00CD333E /* MainViewController.xib */; };
		EED17917153A3FFB00CD333E /* FlipsideViewController.xib in Resources */ = {isa = PBXBuildFile; fileRef = EED17915153A3FFB00CD333E /* FlipsideViewController.xib */; };
		EED17921153A46A100CD333E /* LayoutHelper.m in Sources */ = {isa = PBXBuildFile; fileRef = EED17920153A46A100CD333E /* LayoutHelper.m */; };
		EED17923153A477400CD333E /* Background_Login.png in Resources */ = {isa = PBXBuildFile; fileRef = EED17922153A477400CD333E /* Background_Login.png */; };
/* End PBXBuildFile section */

/* Begin PBXFileReference section */
		EE86C1A6153A5EBF0044AEAD /* User.h */ = {isa = PBXFileReference; fileEncoding = 4; lastKnownFileType = sourcecode.c.h; path = User.h; sourceTree = "<group>"; };
		EE86C1A7153A5EBF0044AEAD /* User.m */ = {isa = PBXFileReference; fileEncoding = 4; lastKnownFileType = sourcecode.c.objc; path = User.m; sourceTree = "<group>"; };
		EE86C1AE153A71510044AEAD /* HTTPFetcher.h */ = {isa = PBXFileReference; fileEncoding = 4; lastKnownFileType = sourcecode.c.h; path = HTTPFetcher.h; sourceTree = "<group>"; };
		EE86C1AF153A71510044AEAD /* HTTPFetcher.m */ = {isa = PBXFileReference; fileEncoding = 4; lastKnownFileType = sourcecode.c.objc; path = HTTPFetcher.m; sourceTree = "<group>"; };
		EE86C1B0153A71510044AEAD /* JSONFetcher.h */ = {isa = PBXFileReference; fileEncoding = 4; lastKnownFileType = sourcecode.c.h; path = JSONFetcher.h; sourceTree = "<group>"; };
		EE86C1B1153A71510044AEAD /* JSONFetcher.m */ = {isa = PBXFileReference; fileEncoding = 4; lastKnownFileType = sourcecode.c.objc; path = JSONFetcher.m; sourceTree = "<group>"; };
		EE86C1B7153A71510044AEAD /* NSObject+SBJson.h */ = {isa = PBXFileReference; fileEncoding = 4; lastKnownFileType = sourcecode.c.h; path = "NSObject+SBJson.h"; sourceTree = "<group>"; };
		EE86C1B8153A71510044AEAD /* NSObject+SBJson.m */ = {isa = PBXFileReference; fileEncoding = 4; lastKnownFileType = sourcecode.c.objc; path = "NSObject+SBJson.m"; sourceTree = "<group>"; };
		EE86C1B9153A71510044AEAD /* SBJson.h */ = {isa = PBXFileReference; fileEncoding = 4; lastKnownFileType = sourcecode.c.h; path = SBJson.h; sourceTree = "<group>"; };
		EE86C1BA153A71510044AEAD /* SBJsonParser.h */ = {isa = PBXFileReference; fileEncoding = 4; lastKnownFileType = sourcecode.c.h; path = SBJsonParser.h; sourceTree = "<group>"; };
		EE86C1BB153A71510044AEAD /* SBJsonParser.m */ = {isa = PBXFileReference; fileEncoding = 4; lastKnownFileType = sourcecode.c.objc; path = SBJsonParser.m; sourceTree = "<group>"; };
		EE86C1BC153A71510044AEAD /* SBJsonStreamParser.h */ = {isa = PBXFileReference; fileEncoding = 4; lastKnownFileType = sourcecode.c.h; path = SBJsonStreamParser.h; sourceTree = "<group>"; };
		EE86C1BD153A71510044AEAD /* SBJsonStreamParser.m */ = {isa = PBXFileReference; fileEncoding = 4; lastKnownFileType = sourcecode.c.objc; path = SBJsonStreamParser.m; sourceTree = "<group>"; };
		EE86C1BE153A71510044AEAD /* SBJsonStreamParserAccumulator.h */ = {isa = PBXFileReference; fileEncoding = 4; lastKnownFileType = sourcecode.c.h; path = SBJsonStreamParserAccumulator.h; sourceTree = "<group>"; };
		EE86C1BF153A71510044AEAD /* SBJsonStreamParserAccumulator.m */ = {isa = PBXFileReference; fileEncoding = 4; lastKnownFileType = sourcecode.c.objc; path = SBJsonStreamParserAccumulator.m; sourceTree = "<group>"; };
		EE86C1C0153A71510044AEAD /* SBJsonStreamParserAdapter.h */ = {isa = PBXFileReference; fileEncoding = 4; lastKnownFileType = sourcecode.c.h; path = SBJsonStreamParserAdapter.h; sourceTree = "<group>"; };
		EE86C1C1153A71510044AEAD /* SBJsonStreamParserAdapter.m */ = {isa = PBXFileReference; fileEncoding = 4; lastKnownFileType = sourcecode.c.objc; path = SBJsonStreamParserAdapter.m; sourceTree = "<group>"; };
		EE86C1C2153A71510044AEAD /* SBJsonStreamParserState.h */ = {isa = PBXFileReference; fileEncoding = 4; lastKnownFileType = sourcecode.c.h; path = SBJsonStreamParserState.h; sourceTree = "<group>"; };
		EE86C1C3153A71510044AEAD /* SBJsonStreamParserState.m */ = {isa = PBXFileReference; fileEncoding = 4; lastKnownFileType = sourcecode.c.objc; path = SBJsonStreamParserState.m; sourceTree = "<group>"; };
		EE86C1C4153A71510044AEAD /* SBJsonStreamWriter.h */ = {isa = PBXFileReference; fileEncoding = 4; lastKnownFileType = sourcecode.c.h; path = SBJsonStreamWriter.h; sourceTree = "<group>"; };
		EE86C1C5153A71510044AEAD /* SBJsonStreamWriter.m */ = {isa = PBXFileReference; fileEncoding = 4; lastKnownFileType = sourcecode.c.objc; path = SBJsonStreamWriter.m; sourceTree = "<group>"; };
		EE86C1C6153A71510044AEAD /* SBJsonStreamWriterAccumulator.h */ = {isa = PBXFileReference; fileEncoding = 4; lastKnownFileType = sourcecode.c.h; path = SBJsonStreamWriterAccumulator.h; sourceTree = "<group>"; };
		EE86C1C7153A71510044AEAD /* SBJsonStreamWriterAccumulator.m */ = {isa = PBXFileReference; fileEncoding = 4; lastKnownFileType = sourcecode.c.objc; path = SBJsonStreamWriterAccumulator.m; sourceTree = "<group>"; };
		EE86C1C8153A71510044AEAD /* SBJsonStreamWriterState.h */ = {isa = PBXFileReference; fileEncoding = 4; lastKnownFileType = sourcecode.c.h; path = SBJsonStreamWriterState.h; sourceTree = "<group>"; };
		EE86C1C9153A71510044AEAD /* SBJsonStreamWriterState.m */ = {isa = PBXFileReference; fileEncoding = 4; lastKnownFileType = sourcecode.c.objc; path = SBJsonStreamWriterState.m; sourceTree = "<group>"; };
		EE86C1CA153A71510044AEAD /* SBJsonTokeniser.h */ = {isa = PBXFileReference; fileEncoding = 4; lastKnownFileType = sourcecode.c.h; path = SBJsonTokeniser.h; sourceTree = "<group>"; };
		EE86C1CB153A71510044AEAD /* SBJsonTokeniser.m */ = {isa = PBXFileReference; fileEncoding = 4; lastKnownFileType = sourcecode.c.objc; path = SBJsonTokeniser.m; sourceTree = "<group>"; };
		EE86C1CC153A71510044AEAD /* SBJsonUTF8Stream.h */ = {isa = PBXFileReference; fileEncoding = 4; lastKnownFileType = sourcecode.c.h; path = SBJsonUTF8Stream.h; sourceTree = "<group>"; };
		EE86C1CD153A71510044AEAD /* SBJsonUTF8Stream.m */ = {isa = PBXFileReference; fileEncoding = 4; lastKnownFileType = sourcecode.c.objc; path = SBJsonUTF8Stream.m; sourceTree = "<group>"; };
		EE86C1CE153A71510044AEAD /* SBJsonWriter.h */ = {isa = PBXFileReference; fileEncoding = 4; lastKnownFileType = sourcecode.c.h; path = SBJsonWriter.h; sourceTree = "<group>"; };
		EE86C1CF153A71510044AEAD /* SBJsonWriter.m */ = {isa = PBXFileReference; fileEncoding = 4; lastKnownFileType = sourcecode.c.objc; path = SBJsonWriter.m; sourceTree = "<group>"; };
		EE86C1E2153A72A20044AEAD /* ModelRepository.h */ = {isa = PBXFileReference; fileEncoding = 4; lastKnownFileType = sourcecode.c.h; path = ModelRepository.h; sourceTree = "<group>"; };
		EE86C1E3153A72A30044AEAD /* ModelRepository.m */ = {isa = PBXFileReference; fileEncoding = 4; lastKnownFileType = sourcecode.c.objc; path = ModelRepository.m; sourceTree = "<group>"; };
		EE86C1E5153A738C0044AEAD /* LoginInfo.h */ = {isa = PBXFileReference; fileEncoding = 4; lastKnownFileType = sourcecode.c.h; path = LoginInfo.h; sourceTree = "<group>"; };
		EE86C1E6153A738C0044AEAD /* LoginInfo.m */ = {isa = PBXFileReference; fileEncoding = 4; lastKnownFileType = sourcecode.c.objc; path = LoginInfo.m; sourceTree = "<group>"; };
		EE86C1EA153A7D7F0044AEAD /* ConnectModuleLoginRequest.h */ = {isa = PBXFileReference; fileEncoding = 4; lastKnownFileType = sourcecode.c.h; name = ConnectModuleLoginRequest.h; path = login/ConnectModuleLoginRequest.h; sourceTree = "<group>"; };
		EE86C1EB153A7D7F0044AEAD /* ConnectModuleLoginRequest.m */ = {isa = PBXFileReference; fileEncoding = 4; lastKnownFileType = sourcecode.c.objc; name = ConnectModuleLoginRequest.m; path = login/ConnectModuleLoginRequest.m; sourceTree = "<group>"; };
		EED178F6153A3FFB00CD333E /* login.app */ = {isa = PBXFileReference; explicitFileType = wrapper.application; includeInIndex = 0; path = login.app; sourceTree = BUILT_PRODUCTS_DIR; };
		EED178FA153A3FFB00CD333E /* UIKit.framework */ = {isa = PBXFileReference; lastKnownFileType = wrapper.framework; name = UIKit.framework; path = System/Library/Frameworks/UIKit.framework; sourceTree = SDKROOT; };
		EED178FC153A3FFB00CD333E /* Foundation.framework */ = {isa = PBXFileReference; lastKnownFileType = wrapper.framework; name = Foundation.framework; path = System/Library/Frameworks/Foundation.framework; sourceTree = SDKROOT; };
		EED178FE153A3FFB00CD333E /* CoreGraphics.framework */ = {isa = PBXFileReference; lastKnownFileType = wrapper.framework; name = CoreGraphics.framework; path = System/Library/Frameworks/CoreGraphics.framework; sourceTree = SDKROOT; };
		EED17902153A3FFB00CD333E /* login-Info.plist */ = {isa = PBXFileReference; lastKnownFileType = text.plist.xml; path = "login-Info.plist"; sourceTree = "<group>"; };
		EED17904153A3FFB00CD333E /* en */ = {isa = PBXFileReference; lastKnownFileType = text.plist.strings; name = en; path = en.lproj/InfoPlist.strings; sourceTree = "<group>"; };
		EED17906153A3FFB00CD333E /* main.m */ = {isa = PBXFileReference; lastKnownFileType = sourcecode.c.objc; path = main.m; sourceTree = "<group>"; };
		EED17908153A3FFB00CD333E /* login-Prefix.pch */ = {isa = PBXFileReference; lastKnownFileType = sourcecode.c.h; path = "login-Prefix.pch"; sourceTree = "<group>"; };
		EED17909153A3FFB00CD333E /* AppDelegate.h */ = {isa = PBXFileReference; lastKnownFileType = sourcecode.c.h; path = AppDelegate.h; sourceTree = "<group>"; };
		EED1790A153A3FFB00CD333E /* AppDelegate.m */ = {isa = PBXFileReference; lastKnownFileType = sourcecode.c.objc; path = AppDelegate.m; sourceTree = "<group>"; };
		EED1790C153A3FFB00CD333E /* MainViewController.h */ = {isa = PBXFileReference; lastKnownFileType = sourcecode.c.h; path = MainViewController.h; sourceTree = "<group>"; };
		EED1790D153A3FFB00CD333E /* MainViewController.m */ = {isa = PBXFileReference; lastKnownFileType = sourcecode.c.objc; path = MainViewController.m; sourceTree = "<group>"; };
		EED1790F153A3FFB00CD333E /* FlipsideViewController.h */ = {isa = PBXFileReference; lastKnownFileType = sourcecode.c.h; path = FlipsideViewController.h; sourceTree = "<group>"; };
		EED17910153A3FFB00CD333E /* FlipsideViewController.m */ = {isa = PBXFileReference; lastKnownFileType = sourcecode.c.objc; path = FlipsideViewController.m; sourceTree = "<group>"; };
		EED17913153A3FFB00CD333E /* en */ = {isa = PBXFileReference; lastKnownFileType = file.xib; name = en; path = en.lproj/MainViewController.xib; sourceTree = "<group>"; };
		EED17916153A3FFB00CD333E /* en */ = {isa = PBXFileReference; lastKnownFileType = file.xib; name = en; path = en.lproj/FlipsideViewController.xib; sourceTree = "<group>"; };
		EED1791F153A46A100CD333E /* LayoutHelper.h */ = {isa = PBXFileReference; fileEncoding = 4; lastKnownFileType = sourcecode.c.h; path = LayoutHelper.h; sourceTree = "<group>"; };
		EED17920153A46A100CD333E /* LayoutHelper.m */ = {isa = PBXFileReference; fileEncoding = 4; lastKnownFileType = sourcecode.c.objc; path = LayoutHelper.m; sourceTree = "<group>"; };
		EED17922153A477400CD333E /* Background_Login.png */ = {isa = PBXFileReference; lastKnownFileType = image.png; name = Background_Login.png; path = ../Background_Login.png; sourceTree = "<group>"; };
/* End PBXFileReference section */

/* Begin PBXFrameworksBuildPhase section */
		EED178F3153A3FFB00CD333E /* Frameworks */ = {
			isa = PBXFrameworksBuildPhase;
			buildActionMask = 2147483647;
			files = (
				EED178FB153A3FFB00CD333E /* UIKit.framework in Frameworks */,
				EED178FD153A3FFB00CD333E /* Foundation.framework in Frameworks */,
				EED178FF153A3FFB00CD333E /* CoreGraphics.framework in Frameworks */,
			);
			runOnlyForDeploymentPostprocessing = 0;
		};
/* End PBXFrameworksBuildPhase section */

/* Begin PBXGroup section */
		EE86C1AD153A71510044AEAD /* HTTPJSONFetchers */ = {
			isa = PBXGroup;
			children = (
				EE86C1AE153A71510044AEAD /* HTTPFetcher.h */,
				EE86C1AF153A71510044AEAD /* HTTPFetcher.m */,
				EE86C1B0153A71510044AEAD /* JSONFetcher.h */,
				EE86C1B1153A71510044AEAD /* JSONFetcher.m */,
			);
			name = HTTPJSONFetchers;
			path = HTTPXMLJSONFetchers;
			sourceTree = "<group>";
		};
		EE86C1B6153A71510044AEAD /* SBJsonClasses */ = {
			isa = PBXGroup;
			children = (
				EE86C1B7153A71510044AEAD /* NSObject+SBJson.h */,
				EE86C1B8153A71510044AEAD /* NSObject+SBJson.m */,
				EE86C1B9153A71510044AEAD /* SBJson.h */,
				EE86C1BA153A71510044AEAD /* SBJsonParser.h */,
				EE86C1BB153A71510044AEAD /* SBJsonParser.m */,
				EE86C1BC153A71510044AEAD /* SBJsonStreamParser.h */,
				EE86C1BD153A71510044AEAD /* SBJsonStreamParser.m */,
				EE86C1BE153A71510044AEAD /* SBJsonStreamParserAccumulator.h */,
				EE86C1BF153A71510044AEAD /* SBJsonStreamParserAccumulator.m */,
				EE86C1C0153A71510044AEAD /* SBJsonStreamParserAdapter.h */,
				EE86C1C1153A71510044AEAD /* SBJsonStreamParserAdapter.m */,
				EE86C1C2153A71510044AEAD /* SBJsonStreamParserState.h */,
				EE86C1C3153A71510044AEAD /* SBJsonStreamParserState.m */,
				EE86C1C4153A71510044AEAD /* SBJsonStreamWriter.h */,
				EE86C1C5153A71510044AEAD /* SBJsonStreamWriter.m */,
				EE86C1C6153A71510044AEAD /* SBJsonStreamWriterAccumulator.h */,
				EE86C1C7153A71510044AEAD /* SBJsonStreamWriterAccumulator.m */,
				EE86C1C8153A71510044AEAD /* SBJsonStreamWriterState.h */,
				EE86C1C9153A71510044AEAD /* SBJsonStreamWriterState.m */,
				EE86C1CA153A71510044AEAD /* SBJsonTokeniser.h */,
				EE86C1CB153A71510044AEAD /* SBJsonTokeniser.m */,
				EE86C1CC153A71510044AEAD /* SBJsonUTF8Stream.h */,
				EE86C1CD153A71510044AEAD /* SBJsonUTF8Stream.m */,
				EE86C1CE153A71510044AEAD /* SBJsonWriter.h */,
				EE86C1CF153A71510044AEAD /* SBJsonWriter.m */,
			);
			path = SBJsonClasses;
			sourceTree = "<group>";
		};
		EE86C1E0153A71600044AEAD /* OpenSourceUtil */ = {
			isa = PBXGroup;
			children = (
				EE86C1B6153A71510044AEAD /* SBJsonClasses */,
				EE86C1AD153A71510044AEAD /* HTTPJSONFetchers */,
			);
			name = OpenSourceUtil;
			path = login;
			sourceTree = "<group>";
		};
		EE86C1E8153A7CA40044AEAD /* Network */ = {
			isa = PBXGroup;
			children = (
				EE86C1E9153A7CB00044AEAD /* Requests */,
			);
			name = Network;
			sourceTree = "<group>";
		};
		EE86C1E9153A7CB00044AEAD /* Requests */ = {
			isa = PBXGroup;
			children = (
				EE86C1EA153A7D7F0044AEAD /* ConnectModuleLoginRequest.h */,
				EE86C1EB153A7D7F0044AEAD /* ConnectModuleLoginRequest.m */,
			);
			name = Requests;
			sourceTree = "<group>";
		};
		EED178EB153A3FFB00CD333E = {
			isa = PBXGroup;
			children = (
				EED17900153A3FFB00CD333E /* Code */,
				EED178F9153A3FFB00CD333E /* Frameworks */,
				EED17926153A4E2500CD333E /* Images */,
				EE86C1E8153A7CA40044AEAD /* Network */,
				EE86C1E0153A71600044AEAD /* OpenSourceUtil */,
				EED178F7153A3FFB00CD333E /* Products */,
			);
			sourceTree = "<group>";
		};
		EED178F7153A3FFB00CD333E /* Products */ = {
			isa = PBXGroup;
			children = (
				EED178F6153A3FFB00CD333E /* login.app */,
			);
			name = Products;
			sourceTree = "<group>";
		};
		EED178F9153A3FFB00CD333E /* Frameworks */ = {
			isa = PBXGroup;
			children = (
				EED178FA153A3FFB00CD333E /* UIKit.framework */,
				EED178FC153A3FFB00CD333E /* Foundation.framework */,
				EED178FE153A3FFB00CD333E /* CoreGraphics.framework */,
			);
			name = Frameworks;
			sourceTree = "<group>";
		};
		EED17900153A3FFB00CD333E /* Code */ = {
			isa = PBXGroup;
			children = (
				EED17909153A3FFB00CD333E /* AppDelegate.h */,
				EED1790A153A3FFB00CD333E /* AppDelegate.m */,
				EED17928153A4E5200CD333E /* Models */,
				EED17901153A3FFB00CD333E /* Supporting Files */,
				EED17924153A4DEB00CD333E /* UserInterface */,
				EED17927153A4E4A00CD333E /* ViewControllers */,
			);
			name = Code;
			path = login;
			sourceTree = "<group>";
		};
		EED17901153A3FFB00CD333E /* Supporting Files */ = {
			isa = PBXGroup;
			children = (
				EED17902153A3FFB00CD333E /* login-Info.plist */,
				EED17903153A3FFB00CD333E /* InfoPlist.strings */,
				EED17906153A3FFB00CD333E /* main.m */,
				EED17908153A3FFB00CD333E /* login-Prefix.pch */,
			);
			name = "Supporting Files";
			sourceTree = "<group>";
		};
		EED17924153A4DEB00CD333E /* UserInterface */ = {
			isa = PBXGroup;
			children = (
				EED1790F153A3FFB00CD333E /* FlipsideViewController.h */,
				EED17910153A3FFB00CD333E /* FlipsideViewController.m */,
				EED1791F153A46A100CD333E /* LayoutHelper.h */,
				EED17920153A46A100CD333E /* LayoutHelper.m */,
				EED1790C153A3FFB00CD333E /* MainViewController.h */,
				EED1790D153A3FFB00CD333E /* MainViewController.m */,
				EED17925153A4E0100CD333E /* xibs */,
			);
			name = UserInterface;
			sourceTree = "<group>";
		};
		EED17925153A4E0100CD333E /* xibs */ = {
			isa = PBXGroup;
			children = (
				EED17915153A3FFB00CD333E /* FlipsideViewController.xib */,
				EED17912153A3FFB00CD333E /* MainViewController.xib */,
			);
			name = xibs;
			sourceTree = "<group>";
		};
		EED17926153A4E2500CD333E /* Images */ = {
			isa = PBXGroup;
			children = (
				EED17922153A477400CD333E /* Background_Login.png */,
			);
			name = Images;
			path = login;
			sourceTree = "<group>";
		};
		EED17927153A4E4A00CD333E /* ViewControllers */ = {
			isa = PBXGroup;
			children = (
			);
			name = ViewControllers;
			sourceTree = "<group>";
		};
		EED17928153A4E5200CD333E /* Models */ = {
			isa = PBXGroup;
			children = (
				EE86C1A6153A5EBF0044AEAD /* User.h */,
				EE86C1A7153A5EBF0044AEAD /* User.m */,
				EE86C1E2153A72A20044AEAD /* ModelRepository.h */,
				EE86C1E3153A72A30044AEAD /* ModelRepository.m */,
				EE86C1E5153A738C0044AEAD /* LoginInfo.h */,
				EE86C1E6153A738C0044AEAD /* LoginInfo.m */,
			);
			name = Models;
			sourceTree = "<group>";
		};
/* End PBXGroup section */

/* Begin PBXNativeTarget section */
		EED178F5153A3FFB00CD333E /* login */ = {
			isa = PBXNativeTarget;
			buildConfigurationList = EED1791A153A3FFB00CD333E /* Build configuration list for PBXNativeTarget "login" */;
			buildPhases = (
				EED178F2153A3FFB00CD333E /* Sources */,
				EED178F3153A3FFB00CD333E /* Frameworks */,
				EED178F4153A3FFB00CD333E /* Resources */,
			);
			buildRules = (
			);
			dependencies = (
			);
			name = login;
			productName = login;
			productReference = EED178F6153A3FFB00CD333E /* login.app */;
			productType = "com.apple.product-type.application";
		};
/* End PBXNativeTarget section */

/* Begin PBXProject section */
		EED178ED153A3FFB00CD333E /* Project object */ = {
			isa = PBXProject;
			attributes = {
				LastUpgradeCheck = 0430;
				ORGANIZATIONNAME = Oracle;
			};
			buildConfigurationList = EED178F0153A3FFB00CD333E /* Build configuration list for PBXProject "login" */;
			compatibilityVersion = "Xcode 3.2";
			developmentRegion = English;
			hasScannedForEncodings = 0;
			knownRegions = (
				en,
			);
			mainGroup = EED178EB153A3FFB00CD333E;
			productRefGroup = EED178F7153A3FFB00CD333E /* Products */;
			projectDirPath = "";
			projectRoot = "";
			targets = (
				EED178F5153A3FFB00CD333E /* login */,
			);
		};
/* End PBXProject section */

/* Begin PBXResourcesBuildPhase section */
		EED178F4153A3FFB00CD333E /* Resources */ = {
			isa = PBXResourcesBuildPhase;
			buildActionMask = 2147483647;
			files = (
				EED17905153A3FFB00CD333E /* InfoPlist.strings in Resources */,
				EED17914153A3FFB00CD333E /* MainViewController.xib in Resources */,
				EED17917153A3FFB00CD333E /* FlipsideViewController.xib in Resources */,
				EED17923153A477400CD333E /* Background_Login.png in Resources */,
			);
			runOnlyForDeploymentPostprocessing = 0;
		};
/* End PBXResourcesBuildPhase section */

/* Begin PBXSourcesBuildPhase section */
		EED178F2153A3FFB00CD333E /* Sources */ = {
			isa = PBXSourcesBuildPhase;
			buildActionMask = 2147483647;
			files = (
				EED17907153A3FFB00CD333E /* main.m in Sources */,
				EED1790B153A3FFB00CD333E /* AppDelegate.m in Sources */,
				EED1790E153A3FFB00CD333E /* MainViewController.m in Sources */,
				EED17911153A3FFB00CD333E /* FlipsideViewController.m in Sources */,
				EED17921153A46A100CD333E /* LayoutHelper.m in Sources */,
				EE86C1A8153A5EBF0044AEAD /* User.m in Sources */,
				EE86C1D0153A71510044AEAD /* HTTPFetcher.m in Sources */,
				EE86C1D1153A71510044AEAD /* JSONFetcher.m in Sources */,
				EE86C1D4153A71510044AEAD /* NSObject+SBJson.m in Sources */,
				EE86C1D5153A71510044AEAD /* SBJsonParser.m in Sources */,
				EE86C1D6153A71510044AEAD /* SBJsonStreamParser.m in Sources */,
				EE86C1D7153A71510044AEAD /* SBJsonStreamParserAccumulator.m in Sources */,
				EE86C1D8153A71510044AEAD /* SBJsonStreamParserAdapter.m in Sources */,
				EE86C1D9153A71510044AEAD /* SBJsonStreamParserState.m in Sources */,
				EE86C1DA153A71510044AEAD /* SBJsonStreamWriter.m in Sources */,
				EE86C1DB153A71510044AEAD /* SBJsonStreamWriterAccumulator.m in Sources */,
				EE86C1DC153A71510044AEAD /* SBJsonStreamWriterState.m in Sources */,
				EE86C1DD153A71510044AEAD /* SBJsonTokeniser.m in Sources */,
				EE86C1DE153A71510044AEAD /* SBJsonUTF8Stream.m in Sources */,
				EE86C1DF153A71510044AEAD /* SBJsonWriter.m in Sources */,
				EE86C1E4153A72A30044AEAD /* ModelRepository.m in Sources */,
				EE86C1E7153A738C0044AEAD /* LoginInfo.m in Sources */,
				EE86C1EC153A7D7F0044AEAD /* ConnectModuleLoginRequest.m in Sources */,
			);
			runOnlyForDeploymentPostprocessing = 0;
		};
/* End PBXSourcesBuildPhase section */

/* Begin PBXVariantGroup section */
		EED17903153A3FFB00CD333E /* InfoPlist.strings */ = {
			isa = PBXVariantGroup;
			children = (
				EED17904153A3FFB00CD333E /* en */,
			);
			name = InfoPlist.strings;
			sourceTree = "<group>";
		};
		EED17912153A3FFB00CD333E /* MainViewController.xib */ = {
			isa = PBXVariantGroup;
			children = (
				EED17913153A3FFB00CD333E /* en */,
			);
			name = MainViewController.xib;
			sourceTree = "<group>";
		};
		EED17915153A3FFB00CD333E /* FlipsideViewController.xib */ = {
			isa = PBXVariantGroup;
			children = (
				EED17916153A3FFB00CD333E /* en */,
			);
			name = FlipsideViewController.xib;
			sourceTree = "<group>";
		};
/* End PBXVariantGroup section */

/* Begin XCBuildConfiguration section */
		EED17918153A3FFB00CD333E /* Debug */ = {
			isa = XCBuildConfiguration;
			buildSettings = {
				ALWAYS_SEARCH_USER_PATHS = NO;
				ARCHS = "$(ARCHS_STANDARD_32_BIT)";
				"CODE_SIGN_IDENTITY[sdk=iphoneos*]" = "iPhone Developer";
				COPY_PHASE_STRIP = NO;
				GCC_C_LANGUAGE_STANDARD = gnu99;
				GCC_DYNAMIC_NO_PIC = NO;
				GCC_OPTIMIZATION_LEVEL = 0;
				GCC_PREPROCESSOR_DEFINITIONS = (
					"DEBUG=1",
					"$(inherited)",
				);
				GCC_SYMBOLS_PRIVATE_EXTERN = NO;
				GCC_VERSION = com.apple.compilers.llvm.clang.1_0;
				GCC_WARN_ABOUT_RETURN_TYPE = YES;
				GCC_WARN_UNINITIALIZED_AUTOS = YES;
				GCC_WARN_UNUSED_VARIABLE = YES;
				IPHONEOS_DEPLOYMENT_TARGET = 5.1;
				SDKROOT = iphoneos;
			};
			name = Debug;
		};
		EED17919153A3FFB00CD333E /* Release */ = {
			isa = XCBuildConfiguration;
			buildSettings = {
				ALWAYS_SEARCH_USER_PATHS = NO;
				ARCHS = "$(ARCHS_STANDARD_32_BIT)";
				"CODE_SIGN_IDENTITY[sdk=iphoneos*]" = "iPhone Developer";
				COPY_PHASE_STRIP = YES;
				GCC_C_LANGUAGE_STANDARD = gnu99;
				GCC_VERSION = com.apple.compilers.llvm.clang.1_0;
				GCC_WARN_ABOUT_RETURN_TYPE = YES;
				GCC_WARN_UNINITIALIZED_AUTOS = YES;
				GCC_WARN_UNUSED_VARIABLE = YES;
				IPHONEOS_DEPLOYMENT_TARGET = 5.1;
				OTHER_CFLAGS = "-DNS_BLOCK_ASSERTIONS=1";
				SDKROOT = iphoneos;
				VALIDATE_PRODUCT = YES;
			};
			name = Release;
		};
		EED1791B153A3FFB00CD333E /* Debug */ = {
			isa = XCBuildConfiguration;
			buildSettings = {
				GCC_PRECOMPILE_PREFIX_HEADER = YES;
				GCC_PREFIX_HEADER = "login/login-Prefix.pch";
				INFOPLIST_FILE = "login/login-Info.plist";
				PRODUCT_NAME = "$(TARGET_NAME)";
				WRAPPER_EXTENSION = app;
			};
			name = Debug;
		};
		EED1791C153A3FFB00CD333E /* Release */ = {
			isa = XCBuildConfiguration;
			buildSettings = {
				GCC_PRECOMPILE_PREFIX_HEADER = YES;
				GCC_PREFIX_HEADER = "login/login-Prefix.pch";
				INFOPLIST_FILE = "login/login-Info.plist";
				PRODUCT_NAME = "$(TARGET_NAME)";
				WRAPPER_EXTENSION = app;
			};
			name = Release;
		};
/* End XCBuildConfiguration section */

/* Begin XCConfigurationList section */
		EED178F0153A3FFB00CD333E /* Build configuration list for PBXProject "login" */ = {
			isa = XCConfigurationList;
			buildConfigurations = (
				EED17918153A3FFB00CD333E /* Debug */,
				EED17919153A3FFB00CD333E /* Release */,
			);
			defaultConfigurationIsVisible = 0;
			defaultConfigurationName = Release;
		};
		EED1791A153A3FFB00CD333E /* Build configuration list for PBXNativeTarget "login" */ = {
			isa = XCConfigurationList;
			buildConfigurations = (
				EED1791B153A3FFB00CD333E /* Debug */,
				EED1791C153A3FFB00CD333E /* Release */,
			);
			defaultConfigurationIsVisible = 0;
			defaultConfigurationName = Release;
		};
/* End XCConfigurationList section */
	};
	rootObject = EED178ED153A3FFB00CD333E /* Project object */;
}
